Microsoft Visual Studio Solution File, Format Version 12.00
# Visual Studio Version 17
VisualStudioVersion = 17.5.2.0
MinimumVisualStudioVersion = 10.0.40219.1
Project("{FAE04EC0-301F-11D3-BF4B-00C04F79EFBC}") = "paroimpar", "paroimpar\paroimpar.csproj", "{1E88D764-1FDA-9271-BFFC-36D523DAE517}"
EndProject
Global
	GlobalSection(SolutionConfigurationPlatforms) = preSolution
		Debug|Any CPU = Debug|Any CPU
		Release|Any CPU = Release|Any CPU
	EndGlobalSection
	GlobalSection(ProjectConfigurationPlatforms) = postSolution
		{1E88D764-1FDA-9271-BFFC-36D523DAE517}.Debug|Any CPU.ActiveCfg = Debug|Any CPU
		{1E88D764-1FDA-9271-BFFC-36D523DAE517}.Debug|Any CPU.Build.0 = Debug|Any CPU
		{1E88D764-1FDA-9271-BFFC-36D523DAE517}.Release|Any CPU.ActiveCfg = Release|Any CPU
		{1E88D764-1FDA-9271-BFFC-36D523DAE517}.Release|Any CPU.Build.0 = Release|Any CPU
	EndGlobalSection
	GlobalSection(SolutionProperties) = preSolution
		HideSolutionNode = FALSE
	EndGlobalSection
	GlobalSection(ExtensibilityGlobals) = postSolution
		SolutionGuid = {8191487D-CFE2-4DDE-AB8D-8F34D2899A59}
	EndGlobalSection
EndGlobal
